
Microsoft Visual Studio Solution File, Format Version 12.00
# Visual Studio Version 17
VisualStudioVersion = 17.3.32825.248
MinimumVisualStudioVersion = 10.0.40219.1
Project("{FAE04EC0-301F-11D3-BF4B-00C04F79EFBC}") = "AuthService.DataContracts", "AuthService.DataContracts.csproj", "{1468296E-43F0-4584-9A57-7861D8AAAE1C}"
EndProject
Global
	GlobalSection(SolutionConfigurationPlatforms) = preSolution
		Debug|Any CPU = Debug|Any CPU
		Release|Any CPU = Release|Any CPU
	EndGlobalSection
	GlobalSection(ProjectConfigurationPlatforms) = postSolution
		{1468296E-43F0-4584-9A57-7861D8AAAE1C}.Debug|Any CPU.ActiveCfg = Debug|Any CPU
		{1468296E-43F0-4584-9A57-7861D8AAAE1C}.Debug|Any CPU.Build.0 = Debug|Any CPU
		{1468296E-43F0-4584-9A57-7861D8AAAE1C}.Release|Any CPU.ActiveCfg = Release|Any CPU
		{1468296E-43F0-4584-9A57-7861D8AAAE1C}.Release|Any CPU.Build.0 = Release|Any CPU
	EndGlobalSection
	GlobalSection(SolutionProperties) = preSolution
		HideSolutionNode = FALSE
	EndGlobalSection
	GlobalSection(ExtensibilityGlobals) = postSolution
		SolutionGuid = {E1E033B8-422F-4349-BFAB-4C3A508D729D}
	EndGlobalSection
EndGlobal
