
Microsoft Visual Studio Solution File, Format Version 12.00
# Visual Studio Version 17
VisualStudioVersion = 17.3.32825.248
MinimumVisualStudioVersion = 10.0.40219.1
Project("{9A19103F-16F7-4668-BE54-9A1E7A4F7556}") = "CommonInfrastructure.Http", "CommonInfrastructure.Http\CommonInfrastructure.Http.csproj", "{8518C2CF-5ABE-4941-9267-ED0C10E9E0C1}"
EndProject
Project("{9A19103F-16F7-4668-BE54-9A1E7A4F7556}") = "CommonInfrastructure.Db", "CommonInfrastructure.Db\CommonInfrastructure.Db.csproj", "{38D4B661-3D83-42E0-BC9E-F9BE1E09C2D7}"
EndProject
Project("{9A19103F-16F7-4668-BE54-9A1E7A4F7556}") = "CommonInfrastructure.Extension", "CommonInfrastructure.Extension\CommonInfrastructure.Extension.csproj", "{803CF4B8-FC05-4802-BE6E-3E56EFBBF7D0}"
EndProject
Project("{FAE04EC0-301F-11D3-BF4B-00C04F79EFBC}") = "CommonInfrastructure.Quest", "CommonInfrastructure.Quest\CommonInfrastructure.Quest.csproj", "{5810AE40-3CBD-4D2E-9BFF-617B50072B29}"
EndProject
Global
	GlobalSection(SolutionConfigurationPlatforms) = preSolution
		Debug|Any CPU = Debug|Any CPU
		Release|Any CPU = Release|Any CPU
	EndGlobalSection
	GlobalSection(ProjectConfigurationPlatforms) = postSolution
		{8518C2CF-5ABE-4941-9267-ED0C10E9E0C1}.Debug|Any CPU.ActiveCfg = Debug|Any CPU
		{8518C2CF-5ABE-4941-9267-ED0C10E9E0C1}.Debug|Any CPU.Build.0 = Debug|Any CPU
		{8518C2CF-5ABE-4941-9267-ED0C10E9E0C1}.Release|Any CPU.ActiveCfg = Release|Any CPU
		{8518C2CF-5ABE-4941-9267-ED0C10E9E0C1}.Release|Any CPU.Build.0 = Release|Any CPU
		{38D4B661-3D83-42E0-BC9E-F9BE1E09C2D7}.Debug|Any CPU.ActiveCfg = Debug|Any CPU
		{38D4B661-3D83-42E0-BC9E-F9BE1E09C2D7}.Debug|Any CPU.Build.0 = Debug|Any CPU
		{38D4B661-3D83-42E0-BC9E-F9BE1E09C2D7}.Release|Any CPU.ActiveCfg = Release|Any CPU
		{38D4B661-3D83-42E0-BC9E-F9BE1E09C2D7}.Release|Any CPU.Build.0 = Release|Any CPU
		{803CF4B8-FC05-4802-BE6E-3E56EFBBF7D0}.Debug|Any CPU.ActiveCfg = Debug|Any CPU
		{803CF4B8-FC05-4802-BE6E-3E56EFBBF7D0}.Debug|Any CPU.Build.0 = Debug|Any CPU
		{803CF4B8-FC05-4802-BE6E-3E56EFBBF7D0}.Release|Any CPU.ActiveCfg = Release|Any CPU
		{803CF4B8-FC05-4802-BE6E-3E56EFBBF7D0}.Release|Any CPU.Build.0 = Release|Any CPU
		{5810AE40-3CBD-4D2E-9BFF-617B50072B29}.Debug|Any CPU.ActiveCfg = Debug|Any CPU
		{5810AE40-3CBD-4D2E-9BFF-617B50072B29}.Debug|Any CPU.Build.0 = Debug|Any CPU
		{5810AE40-3CBD-4D2E-9BFF-617B50072B29}.Release|Any CPU.ActiveCfg = Release|Any CPU
		{5810AE40-3CBD-4D2E-9BFF-617B50072B29}.Release|Any CPU.Build.0 = Release|Any CPU
	EndGlobalSection
	GlobalSection(SolutionProperties) = preSolution
		HideSolutionNode = FALSE
	EndGlobalSection
	GlobalSection(ExtensibilityGlobals) = postSolution
		SolutionGuid = {DD0FC0A6-3F62-4775-A621-A056983D93DB}
	EndGlobalSection
EndGlobal
