
Microsoft Visual Studio Solution File, Format Version 12.00
# Visual Studio Version 17
VisualStudioVersion = 17.3.32825.248
MinimumVisualStudioVersion = 10.0.40219.1
Project("{9A19103F-16F7-4668-BE54-9A1E7A4F7556}") = "AuthService.Database", "AuthService.Database\AuthService.Database.csproj", "{3487ABD0-7C44-475F-8F9A-DEAE35CFD95B}"
EndProject
Project("{9A19103F-16F7-4668-BE54-9A1E7A4F7556}") = "AuthService.DataContracts", "..\CommonDataContracts\AuthService.DataContracts\AuthService.DataContracts.csproj", "{CC44B256-2287-4DA0-B6AF-15617EE31EA4}"
EndProject
Project("{9A19103F-16F7-4668-BE54-9A1E7A4F7556}") = "AuthService.Main", "AuthService.Main\AuthService.Main.csproj", "{12A06A10-04F9-4151-A51D-FB2DB858EB14}"
EndProject
Project("{9A19103F-16F7-4668-BE54-9A1E7A4F7556}") = "AuthService.Core", "AuthService.Core\AuthService.Core.csproj", "{FED3E34B-F086-4733-BD93-AE3F3E702FDD}"
EndProject
Global
	GlobalSection(SolutionConfigurationPlatforms) = preSolution
		Debug|Any CPU = Debug|Any CPU
		Release|Any CPU = Release|Any CPU
	EndGlobalSection
	GlobalSection(ProjectConfigurationPlatforms) = postSolution
		{3487ABD0-7C44-475F-8F9A-DEAE35CFD95B}.Debug|Any CPU.ActiveCfg = Debug|Any CPU
		{3487ABD0-7C44-475F-8F9A-DEAE35CFD95B}.Debug|Any CPU.Build.0 = Debug|Any CPU
		{3487ABD0-7C44-475F-8F9A-DEAE35CFD95B}.Release|Any CPU.ActiveCfg = Release|Any CPU
		{3487ABD0-7C44-475F-8F9A-DEAE35CFD95B}.Release|Any CPU.Build.0 = Release|Any CPU
		{CC44B256-2287-4DA0-B6AF-15617EE31EA4}.Debug|Any CPU.ActiveCfg = Debug|Any CPU
		{CC44B256-2287-4DA0-B6AF-15617EE31EA4}.Debug|Any CPU.Build.0 = Debug|Any CPU
		{CC44B256-2287-4DA0-B6AF-15617EE31EA4}.Release|Any CPU.ActiveCfg = Release|Any CPU
		{CC44B256-2287-4DA0-B6AF-15617EE31EA4}.Release|Any CPU.Build.0 = Release|Any CPU
		{12A06A10-04F9-4151-A51D-FB2DB858EB14}.Debug|Any CPU.ActiveCfg = Debug|Any CPU
		{12A06A10-04F9-4151-A51D-FB2DB858EB14}.Debug|Any CPU.Build.0 = Debug|Any CPU
		{12A06A10-04F9-4151-A51D-FB2DB858EB14}.Release|Any CPU.ActiveCfg = Release|Any CPU
		{12A06A10-04F9-4151-A51D-FB2DB858EB14}.Release|Any CPU.Build.0 = Release|Any CPU
		{FED3E34B-F086-4733-BD93-AE3F3E702FDD}.Debug|Any CPU.ActiveCfg = Debug|Any CPU
		{FED3E34B-F086-4733-BD93-AE3F3E702FDD}.Debug|Any CPU.Build.0 = Debug|Any CPU
		{FED3E34B-F086-4733-BD93-AE3F3E702FDD}.Release|Any CPU.ActiveCfg = Release|Any CPU
		{FED3E34B-F086-4733-BD93-AE3F3E702FDD}.Release|Any CPU.Build.0 = Release|Any CPU
	EndGlobalSection
	GlobalSection(SolutionProperties) = preSolution
		HideSolutionNode = FALSE
	EndGlobalSection
	GlobalSection(ExtensibilityGlobals) = postSolution
		SolutionGuid = {5A9D3A9F-4190-4DF7-8E19-237A7FC02C13}
	EndGlobalSection
EndGlobal
