
Microsoft Visual Studio Solution File, Format Version 12.00
# Visual Studio Version 17
VisualStudioVersion = 17.3.32825.248
MinimumVisualStudioVersion = 10.0.40219.1
Project("{9A19103F-16F7-4668-BE54-9A1E7A4F7556}") = "CommonDatabase.QuestDatabase", "CommonDatabase.QuestDatabase\CommonDatabase.QuestDatabase.csproj", "{7076AB74-AE16-4BD4-9A7E-A247056D4882}"
EndProject
Project("{9A19103F-16F7-4668-BE54-9A1E7A4F7556}") = "GenerateQuestsService.DataContracts", "..\CommonDataContracts\GenerateQuestsService.DataContracts\GenerateQuestsService.DataContracts.csproj", "{1C517247-2695-49F5-B66B-52F594B8D11C}"
EndProject
Global
	GlobalSection(SolutionConfigurationPlatforms) = preSolution
		Debug|Any CPU = Debug|Any CPU
		Release|Any CPU = Release|Any CPU
	EndGlobalSection
	GlobalSection(ProjectConfigurationPlatforms) = postSolution
		{7076AB74-AE16-4BD4-9A7E-A247056D4882}.Debug|Any CPU.ActiveCfg = Debug|Any CPU
		{7076AB74-AE16-4BD4-9A7E-A247056D4882}.Debug|Any CPU.Build.0 = Debug|Any CPU
		{7076AB74-AE16-4BD4-9A7E-A247056D4882}.Release|Any CPU.ActiveCfg = Release|Any CPU
		{7076AB74-AE16-4BD4-9A7E-A247056D4882}.Release|Any CPU.Build.0 = Release|Any CPU
		{1C517247-2695-49F5-B66B-52F594B8D11C}.Debug|Any CPU.ActiveCfg = Debug|Any CPU
		{1C517247-2695-49F5-B66B-52F594B8D11C}.Debug|Any CPU.Build.0 = Debug|Any CPU
		{1C517247-2695-49F5-B66B-52F594B8D11C}.Release|Any CPU.ActiveCfg = Release|Any CPU
		{1C517247-2695-49F5-B66B-52F594B8D11C}.Release|Any CPU.Build.0 = Release|Any CPU
	EndGlobalSection
	GlobalSection(SolutionProperties) = preSolution
		HideSolutionNode = FALSE
	EndGlobalSection
	GlobalSection(ExtensibilityGlobals) = postSolution
		SolutionGuid = {844BEFBC-A4D7-4420-BF1A-0C5E9C8673F9}
	EndGlobalSection
EndGlobal
